// !$*UTF8*$!
{
	archiveVersion = 1;
	classes = {
	};
	objectVersion = 50;
	objects = {

/* Begin PBXBuildFile section */
		36ED6C96217BBABB003BF194 /* main.cpp in Sources */ = {isa = PBXBuildFile; fileRef = 36ED6C95217BBABB003BF194 /* main.cpp */; };
		36ED6C9E217BBB0A003BF194 /* OpenGL.framework in Frameworks */ = {isa = PBXBuildFile; fileRef = 36ED6C9D217BBB0A003BF194 /* OpenGL.framework */; };
		36ED6CA0217BBB1D003BF194 /* libGLEW.2.1.0.dylib in Frameworks */ = {isa = PBXBuildFile; fileRef = 36ED6C9F217BBB1D003BF194 /* libGLEW.2.1.0.dylib */; };
		36ED6CA2217BBB31003BF194 /* libglfw.3.2.dylib in Frameworks */ = {isa = PBXBuildFile; fileRef = 36ED6CA1217BBB31003BF194 /* libglfw.3.2.dylib */; };
		36ED6CAC217BC2BE003BF194 /* res in CopyFiles */ = {isa = PBXBuildFile; fileRef = 36ED6CAA217BC295003BF194 /* res */; };
		36ED6CAE217BC331003BF194 /* SOIL2 in CopyFiles */ = {isa = PBXBuildFile; fileRef = 36ED6CAD217BC322003BF194 /* SOIL2 */; };
		36ED6CB3217BC3D0003BF194 /* SOIL2.c in Sources */ = {isa = PBXBuildFile; fileRef = 36ED6CAF217BC3D0003BF194 /* SOIL2.c */; };
		36ED6CB4217BC3D0003BF194 /* etc1_utils.c in Sources */ = {isa = PBXBuildFile; fileRef = 36ED6CB0217BC3D0003BF194 /* etc1_utils.c */; };
		36ED6CB5217BC3D0003BF194 /* image_DXT.c in Sources */ = {isa = PBXBuildFile; fileRef = 36ED6CB1217BC3D0003BF194 /* image_DXT.c */; };
		36ED6CB6217BC3D0003BF194 /* image_helper.c in Sources */ = {isa = PBXBuildFile; fileRef = 36ED6CB2217BC3D0003BF194 /* image_helper.c */; };
/* End PBXBuildFile section */

/* Begin PBXCopyFilesBuildPhase section */
		36ED6C90217BBABB003BF194 /* CopyFiles */ = {
			isa = PBXCopyFilesBuildPhase;
			buildActionMask = 2147483647;
			dstPath = /usr/share/man/man1/;
			dstSubfolderSpec = 0;
			files = (
			);
			runOnlyForDeploymentPostprocessing = 1;
		};
		36ED6CAB217BC2B8003BF194 /* CopyFiles */ = {
			isa = PBXCopyFilesBuildPhase;
			buildActionMask = 2147483647;
			dstPath = "";
			dstSubfolderSpec = 7;
			files = (
				36ED6CAE217BC331003BF194 /* SOIL2 in CopyFiles */,
				36ED6CAC217BC2BE003BF194 /* res in CopyFiles */,
			);
			runOnlyForDeploymentPostprocessing = 0;
		};
/* End PBXCopyFilesBuildPhase section */

/* Begin PBXFileReference section */
		368F3150217E4C21006004BD /* Camera.h */ = {isa = PBXFileReference; lastKnownFileType = sourcecode.c.h; path = Camera.h; sourceTree = "<group>"; xcLanguageSpecificationIdentifier = xcode.lang.cpp; };
		36ED6C92217BBABB003BF194 /* OpenGLtutorial */ = {isa = PBXFileReference; explicitFileType = "compiled.mach-o.executable"; includeInIndex = 0; path = OpenGLtutorial; sourceTree = BUILT_PRODUCTS_DIR; };
		36ED6C95217BBABB003BF194 /* main.cpp */ = {isa = PBXFileReference; lastKnownFileType = sourcecode.cpp.cpp; path = main.cpp; sourceTree = "<group>"; };
		36ED6C9D217BBB0A003BF194 /* OpenGL.framework */ = {isa = PBXFileReference; lastKnownFileType = wrapper.framework; name = OpenGL.framework; path = System/Library/Frameworks/OpenGL.framework; sourceTree = SDKROOT; };
		36ED6C9F217BBB1D003BF194 /* libGLEW.2.1.0.dylib */ = {isa = PBXFileReference; lastKnownFileType = "compiled.mach-o.dylib"; name = libGLEW.2.1.0.dylib; path = ../../../../usr/local/Cellar/glew/2.1.0/lib/libGLEW.2.1.0.dylib; sourceTree = "<group>"; };
		36ED6CA1217BBB31003BF194 /* libglfw.3.2.dylib */ = {isa = PBXFileReference; lastKnownFileType = "compiled.mach-o.dylib"; name = libglfw.3.2.dylib; path = ../../../../usr/local/Cellar/glfw/3.2.1/lib/libglfw.3.2.dylib; sourceTree = "<group>"; };
		36ED6CA5217BBC82003BF194 /* Shader.h */ = {isa = PBXFileReference; lastKnownFileType = sourcecode.c.h; path = Shader.h; sourceTree = "<group>"; };
		36ED6CAA217BC295003BF194 /* res */ = {isa = PBXFileReference; lastKnownFileType = folder; path = res; sourceTree = "<group>"; };
		36ED6CAD217BC322003BF194 /* SOIL2 */ = {isa = PBXFileReference; lastKnownFileType = folder; path = SOIL2; sourceTree = "<group>"; };
		36ED6CAF217BC3D0003BF194 /* SOIL2.c */ = {isa = PBXFileReference; fileEncoding = 4; lastKnownFileType = sourcecode.c.c; name = SOIL2.c; path = SOIL2/SOIL2.c; sourceTree = "<group>"; };
		36ED6CB0217BC3D0003BF194 /* etc1_utils.c */ = {isa = PBXFileReference; fileEncoding = 4; lastKnownFileType = sourcecode.c.c; name = etc1_utils.c; path = SOIL2/etc1_utils.c; sourceTree = "<group>"; };
		36ED6CB1217BC3D0003BF194 /* image_DXT.c */ = {isa = PBXFileReference; fileEncoding = 4; lastKnownFileType = sourcecode.c.c; name = image_DXT.c; path = SOIL2/image_DXT.c; sourceTree = "<group>"; };
		36ED6CB2217BC3D0003BF194 /* image_helper.c */ = {isa = PBXFileReference; fileEncoding = 4; lastKnownFileType = sourcecode.c.c; name = image_helper.c; path = SOIL2/image_helper.c; sourceTree = "<group>"; };
/* End PBXFileReference section */

/* Begin PBXFrameworksBuildPhase section */
		36ED6C8F217BBABB003BF194 /* Frameworks */ = {
			isa = PBXFrameworksBuildPhase;
			buildActionMask = 2147483647;
			files = (
				36ED6CA2217BBB31003BF194 /* libglfw.3.2.dylib in Frameworks */,
				36ED6CA0217BBB1D003BF194 /* libGLEW.2.1.0.dylib in Frameworks */,
				36ED6C9E217BBB0A003BF194 /* OpenGL.framework in Frameworks */,
			);
			runOnlyForDeploymentPostprocessing = 0;
		};
/* End PBXFrameworksBuildPhase section */

/* Begin PBXGroup section */
		36ED6C89217BBABB003BF194 = {
			isa = PBXGroup;
			children = (
				36ED6C94217BBABB003BF194 /* OpenGLtutorial */,
				36ED6C93217BBABB003BF194 /* Products */,
				36ED6C9C217BBB09003BF194 /* Frameworks */,
			);
			sourceTree = "<group>";
		};
		36ED6C93217BBABB003BF194 /* Products */ = {
			isa = PBXGroup;
			children = (
				36ED6C92217BBABB003BF194 /* OpenGLtutorial */,
			);
			name = Products;
			sourceTree = "<group>";
		};
		36ED6C94217BBABB003BF194 /* OpenGLtutorial */ = {
			isa = PBXGroup;
			children = (
				36ED6CB0217BC3D0003BF194 /* etc1_utils.c */,
				36ED6CB1217BC3D0003BF194 /* image_DXT.c */,
				36ED6CB2217BC3D0003BF194 /* image_helper.c */,
				36ED6CAF217BC3D0003BF194 /* SOIL2.c */,
				36ED6CAD217BC322003BF194 /* SOIL2 */,
				36ED6CAA217BC295003BF194 /* res */,
				36ED6C95217BBABB003BF194 /* main.cpp */,
				36ED6CA5217BBC82003BF194 /* Shader.h */,
				368F3150217E4C21006004BD /* Camera.h */,
			);
			path = OpenGLtutorial;
			sourceTree = "<group>";
		};
		36ED6C9C217BBB09003BF194 /* Frameworks */ = {
			isa = PBXGroup;
			children = (
				36ED6CA1217BBB31003BF194 /* libglfw.3.2.dylib */,
				36ED6C9F217BBB1D003BF194 /* libGLEW.2.1.0.dylib */,
				36ED6C9D217BBB0A003BF194 /* OpenGL.framework */,
			);
			name = Frameworks;
			sourceTree = "<group>";
		};
/* End PBXGroup section */

/* Begin PBXNativeTarget section */
		36ED6C91217BBABB003BF194 /* OpenGLtutorial */ = {
			isa = PBXNativeTarget;
			buildConfigurationList = 36ED6C99217BBABB003BF194 /* Build configuration list for PBXNativeTarget "OpenGLtutorial" */;
			buildPhases = (
				36ED6C8E217BBABB003BF194 /* Sources */,
				36ED6C8F217BBABB003BF194 /* Frameworks */,
				36ED6C90217BBABB003BF194 /* CopyFiles */,
				36ED6CAB217BC2B8003BF194 /* CopyFiles */,
			);
			buildRules = (
			);
			dependencies = (
			);
			name = OpenGLtutorial;
			productName = OpenGLtutorial;
			productReference = 36ED6C92217BBABB003BF194 /* OpenGLtutorial */;
			productType = "com.apple.product-type.tool";
		};
/* End PBXNativeTarget section */

/* Begin PBXProject section */
		36ED6C8A217BBABB003BF194 /* Project object */ = {
			isa = PBXProject;
			attributes = {
				LastUpgradeCheck = 1000;
				ORGANIZATIONNAME = "Dennis Anderle";
				TargetAttributes = {
					36ED6C91217BBABB003BF194 = {
						CreatedOnToolsVersion = 10.0;
					};
				};
			};
			buildConfigurationList = 36ED6C8D217BBABB003BF194 /* Build configuration list for PBXProject "OpenGLtutorial" */;
			compatibilityVersion = "Xcode 9.3";
			developmentRegion = en;
			hasScannedForEncodings = 0;
			knownRegions = (
				en,
			);
			mainGroup = 36ED6C89217BBABB003BF194;
			productRefGroup = 36ED6C93217BBABB003BF194 /* Products */;
			projectDirPath = "";
			projectRoot = "";
			targets = (
				36ED6C91217BBABB003BF194 /* OpenGLtutorial */,
			);
		};
/* End PBXProject section */

/* Begin PBXSourcesBuildPhase section */
		36ED6C8E217BBABB003BF194 /* Sources */ = {
			isa = PBXSourcesBuildPhase;
			buildActionMask = 2147483647;
			files = (
				36ED6C96217BBABB003BF194 /* main.cpp in Sources */,
				36ED6CB4217BC3D0003BF194 /* etc1_utils.c in Sources */,
				36ED6CB6217BC3D0003BF194 /* image_helper.c in Sources */,
				36ED6CB5217BC3D0003BF194 /* image_DXT.c in Sources */,
				36ED6CB3217BC3D0003BF194 /* SOIL2.c in Sources */,
			);
			runOnlyForDeploymentPostprocessing = 0;
		};
/* End PBXSourcesBuildPhase section */

/* Begin XCBuildConfiguration section */
		36ED6C97217BBABB003BF194 /* Debug */ = {
			isa = XCBuildConfiguration;
			buildSettings = {
				ALWAYS_SEARCH_USER_PATHS = NO;
				CLANG_ANALYZER_NONNULL = YES;
				CLANG_ANALYZER_NUMBER_OBJECT_CONVERSION = YES_AGGRESSIVE;
				CLANG_CXX_LANGUAGE_STANDARD = "gnu++14";
				CLANG_CXX_LIBRARY = "libc++";
				CLANG_ENABLE_MODULES = YES;
				CLANG_ENABLE_OBJC_ARC = YES;
				CLANG_ENABLE_OBJC_WEAK = YES;
				CLANG_WARN_BLOCK_CAPTURE_AUTORELEASING = YES;
				CLANG_WARN_BOOL_CONVERSION = YES;
				CLANG_WARN_COMMA = YES;
				CLANG_WARN_CONSTANT_CONVERSION = YES;
				CLANG_WARN_DEPRECATED_OBJC_IMPLEMENTATIONS = YES;
				CLANG_WARN_DIRECT_OBJC_ISA_USAGE = YES_ERROR;
				CLANG_WARN_DOCUMENTATION_COMMENTS = YES;
				CLANG_WARN_EMPTY_BODY = YES;
				CLANG_WARN_ENUM_CONVERSION = YES;
				CLANG_WARN_INFINITE_RECURSION = YES;
				CLANG_WARN_INT_CONVERSION = YES;
				CLANG_WARN_NON_LITERAL_NULL_CONVERSION = YES;
				CLANG_WARN_OBJC_IMPLICIT_RETAIN_SELF = YES;
				CLANG_WARN_OBJC_LITERAL_CONVERSION = YES;
				CLANG_WARN_OBJC_ROOT_CLASS = YES_ERROR;
				CLANG_WARN_RANGE_LOOP_ANALYSIS = YES;
				CLANG_WARN_STRICT_PROTOTYPES = YES;
				CLANG_WARN_SUSPICIOUS_MOVE = YES;
				CLANG_WARN_UNGUARDED_AVAILABILITY = YES_AGGRESSIVE;
				CLANG_WARN_UNREACHABLE_CODE = YES;
				CLANG_WARN__DUPLICATE_METHOD_MATCH = YES;
				CODE_SIGN_IDENTITY = "-";
				COPY_PHASE_STRIP = NO;
				DEBUG_INFORMATION_FORMAT = dwarf;
				ENABLE_STRICT_OBJC_MSGSEND = YES;
				ENABLE_TESTABILITY = YES;
				GCC_C_LANGUAGE_STANDARD = gnu11;
				GCC_DYNAMIC_NO_PIC = NO;
				GCC_NO_COMMON_BLOCKS = YES;
				GCC_OPTIMIZATION_LEVEL = 0;
				GCC_PREPROCESSOR_DEFINITIONS = (
					"DEBUG=1",
					"$(inherited)",
				);
				GCC_WARN_64_TO_32_BIT_CONVERSION = YES;
				GCC_WARN_ABOUT_RETURN_TYPE = YES_ERROR;
				GCC_WARN_UNDECLARED_SELECTOR = YES;
				GCC_WARN_UNINITIALIZED_AUTOS = YES_AGGRESSIVE;
				GCC_WARN_UNUSED_FUNCTION = YES;
				GCC_WARN_UNUSED_VARIABLE = YES;
				MACOSX_DEPLOYMENT_TARGET = 10.13;
				MTL_ENABLE_DEBUG_INFO = INCLUDE_SOURCE;
				MTL_FAST_MATH = YES;
				ONLY_ACTIVE_ARCH = YES;
				SDKROOT = macosx;
			};
			name = Debug;
		};
		36ED6C98217BBABB003BF194 /* Release */ = {
			isa = XCBuildConfiguration;
			buildSettings = {
				ALWAYS_SEARCH_USER_PATHS = NO;
				CLANG_ANALYZER_NONNULL = YES;
				CLANG_ANALYZER_NUMBER_OBJECT_CONVERSION = YES_AGGRESSIVE;
				CLANG_CXX_LANGUAGE_STANDARD = "gnu++14";
				CLANG_CXX_LIBRARY = "libc++";
				CLANG_ENABLE_MODULES = YES;
				CLANG_ENABLE_OBJC_ARC = YES;
				CLANG_ENABLE_OBJC_WEAK = YES;
				CLANG_WARN_BLOCK_CAPTURE_AUTORELEASING = YES;
				CLANG_WARN_BOOL_CONVERSION = YES;
				CLANG_WARN_COMMA = YES;
				CLANG_WARN_CONSTANT_CONVERSION = YES;
				CLANG_WARN_DEPRECATED_OBJC_IMPLEMENTATIONS = YES;
				CLANG_WARN_DIRECT_OBJC_ISA_USAGE = YES_ERROR;
				CLANG_WARN_DOCUMENTATION_COMMENTS = YES;
				CLANG_WARN_EMPTY_BODY = YES;
				CLANG_WARN_ENUM_CONVERSION = YES;
				CLANG_WARN_INFINITE_RECURSION = YES;
				CLANG_WARN_INT_CONVERSION = YES;
				CLANG_WARN_NON_LITERAL_NULL_CONVERSION = YES;
				CLANG_WARN_OBJC_IMPLICIT_RETAIN_SELF = YES;
				CLANG_WARN_OBJC_LITERAL_CONVERSION = YES;
				CLANG_WARN_OBJC_ROOT_CLASS = YES_ERROR;
				CLANG_WARN_RANGE_LOOP_ANALYSIS = YES;
				CLANG_WARN_STRICT_PROTOTYPES = YES;
				CLANG_WARN_SUSPICIOUS_MOVE = YES;
				CLANG_WARN_UNGUARDED_AVAILABILITY = YES_AGGRESSIVE;
				CLANG_WARN_UNREACHABLE_CODE = YES;
				CLANG_WARN__DUPLICATE_METHOD_MATCH = YES;
				CODE_SIGN_IDENTITY = "-";
				COPY_PHASE_STRIP = NO;
				DEBUG_INFORMATION_FORMAT = "dwarf-with-dsym";
				ENABLE_NS_ASSERTIONS = NO;
				ENABLE_STRICT_OBJC_MSGSEND = YES;
				GCC_C_LANGUAGE_STANDARD = gnu11;
				GCC_NO_COMMON_BLOCKS = YES;
				GCC_WARN_64_TO_32_BIT_CONVERSION = YES;
				GCC_WARN_ABOUT_RETURN_TYPE = YES_ERROR;
				GCC_WARN_UNDECLARED_SELECTOR = YES;
				GCC_WARN_UNINITIALIZED_AUTOS = YES_AGGRESSIVE;
				GCC_WARN_UNUSED_FUNCTION = YES;
				GCC_WARN_UNUSED_VARIABLE = YES;
				MACOSX_DEPLOYMENT_TARGET = 10.13;
				MTL_ENABLE_DEBUG_INFO = NO;
				MTL_FAST_MATH = YES;
				SDKROOT = macosx;
			};
			name = Release;
		};
		36ED6C9A217BBABB003BF194 /* Debug */ = {
			isa = XCBuildConfiguration;
			buildSettings = {
				CODE_SIGN_STYLE = Automatic;
				HEADER_SEARCH_PATHS = /usr/local/include;
				LIBRARY_SEARCH_PATHS = (
					"$(inherited)",
					/usr/local/Cellar/glew/2.1.0/lib,
					/usr/local/Cellar/glfw/3.2.1/lib,
				);
				PRODUCT_NAME = "$(TARGET_NAME)";
			};
			name = Debug;
		};
		36ED6C9B217BBABB003BF194 /* Release */ = {
			isa = XCBuildConfiguration;
			buildSettings = {
				CODE_SIGN_STYLE = Automatic;
				HEADER_SEARCH_PATHS = /usr/local/include;
				LIBRARY_SEARCH_PATHS = (
					"$(inherited)",
					/usr/local/Cellar/glew/2.1.0/lib,
					/usr/local/Cellar/glfw/3.2.1/lib,
				);
				PRODUCT_NAME = "$(TARGET_NAME)";
			};
			name = Release;
		};
/* End XCBuildConfiguration section */

/* Begin XCConfigurationList section */
		36ED6C8D217BBABB003BF194 /* Build configuration list for PBXProject "OpenGLtutorial" */ = {
			isa = XCConfigurationList;
			buildConfigurations = (
				36ED6C97217BBABB003BF194 /* Debug */,
				36ED6C98217BBABB003BF194 /* Release */,
			);
			defaultConfigurationIsVisible = 0;
			defaultConfigurationName = Release;
		};
		36ED6C99217BBABB003BF194 /* Build configuration list for PBXNativeTarget "OpenGLtutorial" */ = {
			isa = XCConfigurationList;
			buildConfigurations = (
				36ED6C9A217BBABB003BF194 /* Debug */,
				36ED6C9B217BBABB003BF194 /* Release */,
			);
			defaultConfigurationIsVisible = 0;
			defaultConfigurationName = Release;
		};
/* End XCConfigurationList section */
	};
	rootObject = 36ED6C8A217BBABB003BF194 /* Project object */;
}
